
Microsoft Visual Studio Solution File, Format Version 12.00
# Visual Studio Version 17
VisualStudioVersion = 17.13.35931.197
MinimumVisualStudioVersion = 10.0.40219.1
Project("{FAE04EC0-301F-11D3-BF4B-00C04F79EFBC}") = "MiddleProject1", "MiddleProject1\MiddleProject1.csproj", "{DB34C1F6-484B-4417-A5DE-5C52942AECFD}"
EndProject
Global
	GlobalSection(SolutionConfigurationPlatforms) = preSolution
		Debug|Any CPU = Debug|Any CPU
		Release|Any CPU = Release|Any CPU
	EndGlobalSection
	GlobalSection(ProjectConfigurationPlatforms) = postSolution
		{DB34C1F6-484B-4417-A5DE-5C52942AECFD}.Debug|Any CPU.ActiveCfg = Debug|Any CPU
		{DB34C1F6-484B-4417-A5DE-5C52942AECFD}.Debug|Any CPU.Build.0 = Debug|Any CPU
		{DB34C1F6-484B-4417-A5DE-5C52942AECFD}.Release|Any CPU.ActiveCfg = Release|Any CPU
		{DB34C1F6-484B-4417-A5DE-5C52942AECFD}.Release|Any CPU.Build.0 = Release|Any CPU
	EndGlobalSection
	GlobalSection(SolutionProperties) = preSolution
		HideSolutionNode = FALSE
	EndGlobalSection
	GlobalSection(ExtensibilityGlobals) = postSolution
		SolutionGuid = {CF3D1E73-2A02-4579-8CF0-797AA6FF0E73}
	EndGlobalSection
EndGlobal
